
Microsoft Visual Studio Solution File, Format Version 12.00
# Visual Studio Version 16
VisualStudioVersion = 16.0.29613.14
MinimumVisualStudioVersion = 10.0.40219.1
Project("{FAE04EC0-301F-11D3-BF4B-00C04F79EFBC}") = "tomcMatijaPonavlajnjeZd7", "tomcMatijaPonavlajnjeZd7\tomcMatijaPonavlajnjeZd7.csproj", "{46F05625-9B96-443A-A38F-9A633120F6DD}"
EndProject
Global
	GlobalSection(SolutionConfigurationPlatforms) = preSolution
		Debug|Any CPU = Debug|Any CPU
		Release|Any CPU = Release|Any CPU
	EndGlobalSection
	GlobalSection(ProjectConfigurationPlatforms) = postSolution
		{46F05625-9B96-443A-A38F-9A633120F6DD}.Debug|Any CPU.ActiveCfg = Debug|Any CPU
		{46F05625-9B96-443A-A38F-9A633120F6DD}.Debug|Any CPU.Build.0 = Debug|Any CPU
		{46F05625-9B96-443A-A38F-9A633120F6DD}.Release|Any CPU.ActiveCfg = Release|Any CPU
		{46F05625-9B96-443A-A38F-9A633120F6DD}.Release|Any CPU.Build.0 = Release|Any CPU
	EndGlobalSection
	GlobalSection(SolutionProperties) = preSolution
		HideSolutionNode = FALSE
	EndGlobalSection
	GlobalSection(ExtensibilityGlobals) = postSolution
		SolutionGuid = {F0BB6F55-DEAD-4BED-97C6-BAF67BE8C9F7}
	EndGlobalSection
EndGlobal
